
Microsoft Visual Studio Solution File, Format Version 12.00
# Visual Studio Version 16
VisualStudioVersion = 16.0.29911.84
MinimumVisualStudioVersion = 10.0.40219.1
Project("{FAE04EC0-301F-11D3-BF4B-00C04F79EFBC}") = "ParamsArrayCallInLoop", "ParamsArrayCallInLoop\ParamsArrayCallInLoop\ParamsArrayCallInLoop.csproj", "{06DF67FE-F9B8-4B7F-81CE-F7595FB69095}"
EndProject
Project("{FAE04EC0-301F-11D3-BF4B-00C04F79EFBC}") = "ParamsArrayCallInLoop.Test", "ParamsArrayCallInLoop\ParamsArrayCallInLoop.Test\ParamsArrayCallInLoop.Test.csproj", "{1D9307AD-8458-41A4-B380-363194D8B5CD}"
EndProject
Project("{FAE04EC0-301F-11D3-BF4B-00C04F79EFBC}") = "ParamsArrayCallInLoop.Vsix", "ParamsArrayCallInLoop\ParamsArrayCallInLoop.Vsix\ParamsArrayCallInLoop.Vsix.csproj", "{68B19905-B82B-4174-9CD5-40876A668089}"
EndProject
Global
	GlobalSection(SolutionConfigurationPlatforms) = preSolution
		Debug|Any CPU = Debug|Any CPU
		Release|Any CPU = Release|Any CPU
	EndGlobalSection
	GlobalSection(ProjectConfigurationPlatforms) = postSolution
		{06DF67FE-F9B8-4B7F-81CE-F7595FB69095}.Debug|Any CPU.ActiveCfg = Debug|Any CPU
		{06DF67FE-F9B8-4B7F-81CE-F7595FB69095}.Debug|Any CPU.Build.0 = Debug|Any CPU
		{06DF67FE-F9B8-4B7F-81CE-F7595FB69095}.Release|Any CPU.ActiveCfg = Release|Any CPU
		{06DF67FE-F9B8-4B7F-81CE-F7595FB69095}.Release|Any CPU.Build.0 = Release|Any CPU
		{1D9307AD-8458-41A4-B380-363194D8B5CD}.Debug|Any CPU.ActiveCfg = Debug|Any CPU
		{1D9307AD-8458-41A4-B380-363194D8B5CD}.Debug|Any CPU.Build.0 = Debug|Any CPU
		{1D9307AD-8458-41A4-B380-363194D8B5CD}.Release|Any CPU.ActiveCfg = Release|Any CPU
		{1D9307AD-8458-41A4-B380-363194D8B5CD}.Release|Any CPU.Build.0 = Release|Any CPU
		{68B19905-B82B-4174-9CD5-40876A668089}.Debug|Any CPU.ActiveCfg = Debug|Any CPU
		{68B19905-B82B-4174-9CD5-40876A668089}.Debug|Any CPU.Build.0 = Debug|Any CPU
		{68B19905-B82B-4174-9CD5-40876A668089}.Release|Any CPU.ActiveCfg = Release|Any CPU
		{68B19905-B82B-4174-9CD5-40876A668089}.Release|Any CPU.Build.0 = Release|Any CPU
	EndGlobalSection
	GlobalSection(SolutionProperties) = preSolution
		HideSolutionNode = FALSE
	EndGlobalSection
	GlobalSection(ExtensibilityGlobals) = postSolution
		SolutionGuid = {EE0C8FD1-CE29-4332-AB16-3E8CEDE349CB}
	EndGlobalSection
EndGlobal
